{
  "name": "sequelize-koa-create-react-proxy-app",
  "version": "1.0.0",
  "lockfileVersion": 1,
  "requires": true,
  "dependencies": {
    "ansi-regex": {
      "version": "2.1.1",
      "dev": true
    },
    "ansi-styles": {
      "version": "3.2.1",
      "dev": true,
      "requires": {
        "color-convert": "^1.9.0"
      }
    },
    "builtin-modules": {
      "version": "1.1.1",
      "dev": true
    },
    "camelcase": {
      "version": "5.0.0",
      "dev": true
    },
    "chalk": {
      "version": "2.4.1",
      "dev": true,
      "requires": {
        "ansi-styles": "^3.2.1",
        "escape-string-regexp": "^1.0.5",
        "supports-color": "^5.3.0"
      },
      "dependencies": {
        "has-flag": {
          "version": "3.0.0",
          "dev": true
        },
        "supports-color": {
          "version": "5.5.0",
          "dev": true,
          "requires": {
            "has-flag": "^3.0.0"
          }
        }
      }
    },
    "cliui": {
      "version": "4.1.0",
      "dev": true,
      "requires": {
        "string-width": "^2.1.1",
        "strip-ansi": "^4.0.0",
        "wrap-ansi": "^2.0.0"
      },
      "dependencies": {
        "ansi-regex": {
          "version": "3.0.0",
          "dev": true
        },
        "strip-ansi": {
          "version": "4.0.0",
          "dev": true,
          "requires": {
            "ansi-regex": "^3.0.0"
          }
        }
      }
    },
    "code-point-at": {
      "version": "1.1.0",
      "dev": true
    },
    "color-convert": {
      "version": "1.9.3",
      "dev": true,
      "requires": {
        "color-name": "1.1.3"
      }
    },
    "color-name": {
      "version": "1.1.3",
      "dev": true
    },
    "concurrently": {
      "version": "4.1.0",
      "dev": true,
      "requires": {
        "chalk": "^2.4.1",
        "date-fns": "^1.23.0",
        "lodash": "^4.17.10",
        "read-pkg": "^4.0.1",
        "rxjs": "^6.3.3",
        "spawn-command": "^0.0.2-1",
        "supports-color": "^4.5.0",
        "tree-kill": "^1.1.0",
        "yargs": "^12.0.1"
      }
    },
    "cross-spawn": {
      "version": "6.0.5",
      "dev": true,
      "requires": {
        "nice-try": "^1.0.4",
        "path-key": "^2.0.1",
        "semver": "^5.5.0",
        "shebang-command": "^1.2.0",
        "which": "^1.2.9"
      }
    },
    "date-fns": {
      "version": "1.30.1",
      "dev": true
    },
    "decamelize": {
      "version": "1.2.0",
      "dev": true
    },
    "error-ex": {
      "version": "1.3.2",
      "dev": true,
      "requires": {
        "is-arrayish": "^0.2.1"
      }
    },
    "escape-string-regexp": {
      "version": "1.0.5",
      "dev": true
    },
    "execa": {
      "version": "0.10.0",
      "dev": true,
      "requires": {
        "cross-spawn": "^6.0.0",
        "get-stream": "^3.0.0",
        "is-stream": "^1.1.0",
        "npm-run-path": "^2.0.0",
        "p-finally": "^1.0.0",
        "signal-exit": "^3.0.0",
        "strip-eof": "^1.0.0"
      }
    },
    "find-up": {
      "version": "3.0.0",
      "dev": true,
      "requires": {
        "locate-path": "^3.0.0"
      }
    },
    "get-caller-file": {
      "version": "1.0.3",
      "dev": true
    },
    "get-stream": {
      "version": "3.0.0",
      "dev": true
    },
    "has-flag": {
      "version": "2.0.0",
      "dev": true
    },
    "hosted-git-info": {
      "version": "2.7.1",
      "dev": true
    },
    "invert-kv": {
      "version": "2.0.0",
      "dev": true
    },
    "is-arrayish": {
      "version": "0.2.1",
      "dev": true
    },
    "is-builtin-module": {
      "version": "1.0.0",
      "dev": true,
      "requires": {
        "builtin-modules": "^1.0.0"
      }
    },
    "is-fullwidth-code-point": {
      "version": "2.0.0",
      "dev": true
    },
    "is-stream": {
      "version": "1.1.0",
      "dev": true
    },
    "isexe": {
      "version": "2.0.0",
      "dev": true
    },
    "json-parse-better-errors": {
      "version": "1.0.2",
      "dev": true
    },
    "lcid": {
      "version": "2.0.0",
      "dev": true,
      "requires": {
        "invert-kv": "^2.0.0"
      }
    },
    "locate-path": {
      "version": "3.0.0",
      "dev": true,
      "requires": {
        "p-locate": "^3.0.0",
        "path-exists": "^3.0.0"
      }
    },
    "lodash": {
      "version": "4.17.11",
      "dev": true
    },
    "map-age-cleaner": {
      "version": "0.1.3",
      "dev": true,
      "requires": {
        "p-defer": "^1.0.0"
      }
    },
    "mem": {
      "version": "4.0.0",
      "dev": true,
      "requires": {
        "map-age-cleaner": "^0.1.1",
        "mimic-fn": "^1.0.0",
        "p-is-promise": "^1.1.0"
      }
    },
    "mimic-fn": {
      "version": "1.2.0",
      "dev": true
    },
    "nice-try": {
      "version": "1.0.5",
      "dev": true
    },
    "normalize-package-data": {
      "version": "2.4.0",
      "dev": true,
      "requires": {
        "hosted-git-info": "^2.1.4",
        "is-builtin-module": "^1.0.0",
        "semver": "2 || 3 || 4 || 5",
        "validate-npm-package-license": "^3.0.1"
      }
    },
    "npm-run-path": {
      "version": "2.0.2",
      "dev": true,
      "requires": {
        "path-key": "^2.0.0"
      }
    },
    "number-is-nan": {
      "version": "1.0.1",
      "dev": true
    },
    "os-locale": {
      "version": "3.0.1",
      "dev": true,
      "requires": {
        "execa": "^0.10.0",
        "lcid": "^2.0.0",
        "mem": "^4.0.0"
      }
    },
    "p-defer": {
      "version": "1.0.0",
      "dev": true
    },
    "p-finally": {
      "version": "1.0.0",
      "dev": true
    },
    "p-is-promise": {
      "version": "1.1.0",
      "dev": true
    },
    "p-limit": {
      "version": "2.0.0",
      "dev": true,
      "requires": {
        "p-try": "^2.0.0"
      }
    },
    "p-locate": {
      "version": "3.0.0",
      "dev": true,
      "requires": {
        "p-limit": "^2.0.0"
      }
    },
    "p-try": {
      "version": "2.0.0",
      "dev": true
    },
    "parse-json": {
      "version": "4.0.0",
      "dev": true,
      "requires": {
        "error-ex": "^1.3.1",
        "json-parse-better-errors": "^1.0.1"
      }
    },
    "path-exists": {
      "version": "3.0.0",
      "dev": true
    },
    "path-key": {
      "version": "2.0.1",
      "dev": true
    },
    "pify": {
      "version": "3.0.0",
      "dev": true
    },
    "read-pkg": {
      "version": "4.0.1",
      "dev": true,
      "requires": {
        "normalize-package-data": "^2.3.2",
        "parse-json": "^4.0.0",
        "pify": "^3.0.0"
      }
    },
    "require-directory": {
      "version": "2.1.1",
      "dev": true
    },
    "require-main-filename": {
      "version": "1.0.1",
      "dev": true
    },
    "rxjs": {
      "version": "6.3.3",
      "dev": true,
      "requires": {
        "tslib": "^1.9.0"
      }
    },
    "semver": {
      "version": "5.6.0",
      "dev": true
    },
    "set-blocking": {
      "version": "2.0.0",
      "dev": true
    },
    "shebang-command": {
      "version": "1.2.0",
      "dev": true,
      "requires": {
        "shebang-regex": "^1.0.0"
      }
    },
    "shebang-regex": {
      "version": "1.0.0",
      "dev": true
    },
    "signal-exit": {
      "version": "3.0.2",
      "dev": true
    },
    "spawn-command": {
      "version": "0.0.2-1",
      "dev": true
    },
    "spdx-correct": {
      "version": "3.1.0",
      "dev": true,
      "requires": {
        "spdx-expression-parse": "^3.0.0",
        "spdx-license-ids": "^3.0.0"
      }
    },
    "spdx-exceptions": {
      "version": "2.2.0",
      "dev": true
    },
    "spdx-expression-parse": {
      "version": "3.0.0",
      "dev": true,
      "requires": {
        "spdx-exceptions": "^2.1.0",
        "spdx-license-ids": "^3.0.0"
      }
    },
    "spdx-license-ids": {
      "version": "3.0.3",
      "dev": true
    },
    "string-width": {
      "version": "2.1.1",
      "dev": true,
      "requires": {
        "is-fullwidth-code-point": "^2.0.0",
        "strip-ansi": "^4.0.0"
      },
      "dependencies": {
        "ansi-regex": {
          "version": "3.0.0",
          "dev": true
        },
        "strip-ansi": {
          "version": "4.0.0",
          "dev": true,
          "requires": {
            "ansi-regex": "^3.0.0"
          }
        }
      }
    },
    "strip-ansi": {
      "version": "3.0.1",
      "dev": true,
      "requires": {
        "ansi-regex": "^2.0.0"
      }
    },
    "strip-eof": {
      "version": "1.0.0",
      "dev": true
    },
    "supports-color": {
      "version": "4.5.0",
      "dev": true,
      "requires": {
        "has-flag": "^2.0.0"
      }
    },
    "tree-kill": {
      "version": "1.2.1",
      "dev": true
    },
    "tslib": {
      "version": "1.9.3",
      "dev": true
    },
    "validate-npm-package-license": {
      "version": "3.0.4",
      "dev": true,
      "requires": {
        "spdx-correct": "^3.0.0",
        "spdx-expression-parse": "^3.0.0"
      }
    },
    "which": {
      "version": "1.3.1",
      "dev": true,
      "requires": {
        "isexe": "^2.0.0"
      }
    },
    "which-module": {
      "version": "2.0.0",
      "dev": true
    },
    "wrap-ansi": {
      "version": "2.1.0",
      "dev": true,
      "requires": {
        "string-width": "^1.0.1",
        "strip-ansi": "^3.0.1"
      },
      "dependencies": {
        "is-fullwidth-code-point": {
          "version": "1.0.0",
          "dev": true,
          "requires": {
            "number-is-nan": "^1.0.0"
          }
        },
        "string-width": {
          "version": "1.0.2",
          "dev": true,
          "requires": {
            "code-point-at": "^1.0.0",
            "is-fullwidth-code-point": "^1.0.0",
            "strip-ansi": "^3.0.0"
          }
        }
      }
    },
    "y18n": {
      "version": "4.0.0",
      "dev": true
    },
    "yargs": {
      "version": "12.0.5",
      "dev": true,
      "requires": {
        "cliui": "^4.0.0",
        "decamelize": "^1.2.0",
        "find-up": "^3.0.0",
        "get-caller-file": "^1.0.1",
        "os-locale": "^3.0.0",
        "require-directory": "^2.1.1",
        "require-main-filename": "^1.0.1",
        "set-blocking": "^2.0.0",
        "string-width": "^2.0.0",
        "which-module": "^2.0.0",
        "y18n": "^3.2.1 || ^4.0.0",
        "yargs-parser": "^11.1.1"
      }
    },
    "yargs-parser": {
      "version": "11.1.1",
      "dev": true,
      "requires": {
        "camelcase": "^5.0.0",
        "decamelize": "^1.2.0"
      }
    }
  }
}
